
Microsoft Visual Studio Solution File, Format Version 12.00
# Visual Studio Version 16
VisualStudioVersion = 16.0.30114.105
MinimumVisualStudioVersion = 10.0.40219.1
Project("{FAE04EC0-301F-11D3-BF4B-00C04F79EFBC}") = "GameChanger", "GameChanger\GameChanger.csproj", "{BE27B6F5-2EDB-4B5C-BD71-CB1A726758F1}"
EndProject
Global
	GlobalSection(SolutionConfigurationPlatforms) = preSolution
		Debug|Any CPU = Debug|Any CPU
		Release|Any CPU = Release|Any CPU
	EndGlobalSection
	GlobalSection(ProjectConfigurationPlatforms) = postSolution
		{BE27B6F5-2EDB-4B5C-BD71-CB1A726758F1}.Debug|Any CPU.ActiveCfg = Debug|Any CPU
		{BE27B6F5-2EDB-4B5C-BD71-CB1A726758F1}.Debug|Any CPU.Build.0 = Debug|Any CPU
		{BE27B6F5-2EDB-4B5C-BD71-CB1A726758F1}.Release|Any CPU.ActiveCfg = Release|Any CPU
		{BE27B6F5-2EDB-4B5C-BD71-CB1A726758F1}.Release|Any CPU.Build.0 = Release|Any CPU
	EndGlobalSection
	GlobalSection(SolutionProperties) = preSolution
		HideSolutionNode = FALSE
	EndGlobalSection
	GlobalSection(ExtensibilityGlobals) = postSolution
		SolutionGuid = {1463364F-BAC5-4B1C-A198-FE805A71417E}
	EndGlobalSection
EndGlobal
